
Microsoft Visual Studio Solution File, Format Version 12.00
# Visual Studio Version 17
VisualStudioVersion = 17.8.34316.72
MinimumVisualStudioVersion = 10.0.40219.1
Project("{2150E333-8FDC-42A3-9474-1A3956D46DE8}") = "BookingService", "BookingService", "{E0E3612D-67E6-4178-B9A9-1BBB6F4918B4}"
EndProject
Project("{2150E333-8FDC-42A3-9474-1A3956D46DE8}") = "PaymentService", "PaymentService", "{A6DD981F-738C-4272-90B5-CEEF05357607}"
EndProject
Project("{2150E333-8FDC-42A3-9474-1A3956D46DE8}") = "Core", "Core", "{F00477FC-4A65-4FA9-B127-48A510DD9CC8}"
EndProject
Project("{2150E333-8FDC-42A3-9474-1A3956D46DE8}") = "Domain", "Domain", "{DFF8BED9-D1C0-4A13-97C5-4B96BAB931DD}"
EndProject
Project("{2150E333-8FDC-42A3-9474-1A3956D46DE8}") = "Application", "Application", "{2D78757D-A5BB-4214-93C0-F9F4C09545D2}"
EndProject
Project("{2150E333-8FDC-42A3-9474-1A3956D46DE8}") = "Adapters", "Adapters", "{AD02F480-5F6F-473B-84D5-20B037C445FA}"
EndProject
Project("{2150E333-8FDC-42A3-9474-1A3956D46DE8}") = "Consumers", "Consumers", "{414642F9-5BD0-4216-89CD-991D15C0559E}"
EndProject
Project("{2150E333-8FDC-42A3-9474-1A3956D46DE8}") = "Tests", "Tests", "{F530F23F-891E-4F5D-B739-C7161F7F6BE4}"
EndProject
Project("{FAE04EC0-301F-11D3-BF4B-00C04F79EFBC}") = "Domain", "Domain\Domain.csproj", "{70C35AFA-A92A-43C4-A809-30FED3E5EDCD}"
EndProject
Project("{FAE04EC0-301F-11D3-BF4B-00C04F79EFBC}") = "Application", "Application\Application.csproj", "{CA86C536-2888-427E-947B-7B8C3D9EC8CE}"
EndProject
Project("{2150E333-8FDC-42A3-9474-1A3956D46DE8}") = "Domain", "Domain", "{03B3142B-01FD-43EB-850C-1F0C35532F76}"
EndProject
Project("{2150E333-8FDC-42A3-9474-1A3956D46DE8}") = "Application", "Application", "{B1E71222-97C7-42A2-B468-0032BF495053}"
EndProject
Project("{2150E333-8FDC-42A3-9474-1A3956D46DE8}") = "Adapters", "Adapters", "{04CFD140-D68D-4D14-878F-706E579F1225}"
EndProject
Project("{FAE04EC0-301F-11D3-BF4B-00C04F79EFBC}") = "DomainTests", "DomainTests\DomainTests.csproj", "{65D97060-3FFF-422B-92B0-A2F399618FE4}"
EndProject
Project("{FAE04EC0-301F-11D3-BF4B-00C04F79EFBC}") = "ApplicationTests", "ApplicationTests\ApplicationTests.csproj", "{8C454317-2807-40CF-8BDC-D64C3559FDCE}"
EndProject
Project("{FAE04EC0-301F-11D3-BF4B-00C04F79EFBC}") = "AdaptersTests", "AdaptersTests\AdaptersTests.csproj", "{F2BC8396-02DA-4C9D-AB55-CD191EFCA13F}"
EndProject
Project("{FAE04EC0-301F-11D3-BF4B-00C04F79EFBC}") = "API", "API\API.csproj", "{EEE74727-4724-463E-A3D6-CC57E0DBCD3D}"
EndProject
Project("{FAE04EC0-301F-11D3-BF4B-00C04F79EFBC}") = "Data", "Data\Data.csproj", "{5A0E4BA7-0947-4378-A8C3-BEAE73E9F1A6}"
EndProject
Global
	GlobalSection(SolutionConfigurationPlatforms) = preSolution
		Debug|Any CPU = Debug|Any CPU
		Release|Any CPU = Release|Any CPU
	EndGlobalSection
	GlobalSection(ProjectConfigurationPlatforms) = postSolution
		{70C35AFA-A92A-43C4-A809-30FED3E5EDCD}.Debug|Any CPU.ActiveCfg = Debug|Any CPU
		{70C35AFA-A92A-43C4-A809-30FED3E5EDCD}.Debug|Any CPU.Build.0 = Debug|Any CPU
		{70C35AFA-A92A-43C4-A809-30FED3E5EDCD}.Release|Any CPU.ActiveCfg = Release|Any CPU
		{70C35AFA-A92A-43C4-A809-30FED3E5EDCD}.Release|Any CPU.Build.0 = Release|Any CPU
		{CA86C536-2888-427E-947B-7B8C3D9EC8CE}.Debug|Any CPU.ActiveCfg = Debug|Any CPU
		{CA86C536-2888-427E-947B-7B8C3D9EC8CE}.Debug|Any CPU.Build.0 = Debug|Any CPU
		{CA86C536-2888-427E-947B-7B8C3D9EC8CE}.Release|Any CPU.ActiveCfg = Release|Any CPU
		{CA86C536-2888-427E-947B-7B8C3D9EC8CE}.Release|Any CPU.Build.0 = Release|Any CPU
		{65D97060-3FFF-422B-92B0-A2F399618FE4}.Debug|Any CPU.ActiveCfg = Debug|Any CPU
		{65D97060-3FFF-422B-92B0-A2F399618FE4}.Debug|Any CPU.Build.0 = Debug|Any CPU
		{65D97060-3FFF-422B-92B0-A2F399618FE4}.Release|Any CPU.ActiveCfg = Release|Any CPU
		{65D97060-3FFF-422B-92B0-A2F399618FE4}.Release|Any CPU.Build.0 = Release|Any CPU
		{8C454317-2807-40CF-8BDC-D64C3559FDCE}.Debug|Any CPU.ActiveCfg = Debug|Any CPU
		{8C454317-2807-40CF-8BDC-D64C3559FDCE}.Debug|Any CPU.Build.0 = Debug|Any CPU
		{8C454317-2807-40CF-8BDC-D64C3559FDCE}.Release|Any CPU.ActiveCfg = Release|Any CPU
		{8C454317-2807-40CF-8BDC-D64C3559FDCE}.Release|Any CPU.Build.0 = Release|Any CPU
		{F2BC8396-02DA-4C9D-AB55-CD191EFCA13F}.Debug|Any CPU.ActiveCfg = Debug|Any CPU
		{F2BC8396-02DA-4C9D-AB55-CD191EFCA13F}.Debug|Any CPU.Build.0 = Debug|Any CPU
		{F2BC8396-02DA-4C9D-AB55-CD191EFCA13F}.Release|Any CPU.ActiveCfg = Release|Any CPU
		{F2BC8396-02DA-4C9D-AB55-CD191EFCA13F}.Release|Any CPU.Build.0 = Release|Any CPU
		{EEE74727-4724-463E-A3D6-CC57E0DBCD3D}.Debug|Any CPU.ActiveCfg = Debug|Any CPU
		{EEE74727-4724-463E-A3D6-CC57E0DBCD3D}.Debug|Any CPU.Build.0 = Debug|Any CPU
		{EEE74727-4724-463E-A3D6-CC57E0DBCD3D}.Release|Any CPU.ActiveCfg = Release|Any CPU
		{EEE74727-4724-463E-A3D6-CC57E0DBCD3D}.Release|Any CPU.Build.0 = Release|Any CPU
		{5A0E4BA7-0947-4378-A8C3-BEAE73E9F1A6}.Debug|Any CPU.ActiveCfg = Debug|Any CPU
		{5A0E4BA7-0947-4378-A8C3-BEAE73E9F1A6}.Debug|Any CPU.Build.0 = Debug|Any CPU
		{5A0E4BA7-0947-4378-A8C3-BEAE73E9F1A6}.Release|Any CPU.ActiveCfg = Release|Any CPU
		{5A0E4BA7-0947-4378-A8C3-BEAE73E9F1A6}.Release|Any CPU.Build.0 = Release|Any CPU
	EndGlobalSection
	GlobalSection(SolutionProperties) = preSolution
		HideSolutionNode = FALSE
	EndGlobalSection
	GlobalSection(NestedProjects) = preSolution
		{F00477FC-4A65-4FA9-B127-48A510DD9CC8} = {E0E3612D-67E6-4178-B9A9-1BBB6F4918B4}
		{DFF8BED9-D1C0-4A13-97C5-4B96BAB931DD} = {F00477FC-4A65-4FA9-B127-48A510DD9CC8}
		{2D78757D-A5BB-4214-93C0-F9F4C09545D2} = {F00477FC-4A65-4FA9-B127-48A510DD9CC8}
		{AD02F480-5F6F-473B-84D5-20B037C445FA} = {E0E3612D-67E6-4178-B9A9-1BBB6F4918B4}
		{414642F9-5BD0-4216-89CD-991D15C0559E} = {E0E3612D-67E6-4178-B9A9-1BBB6F4918B4}
		{F530F23F-891E-4F5D-B739-C7161F7F6BE4} = {E0E3612D-67E6-4178-B9A9-1BBB6F4918B4}
		{70C35AFA-A92A-43C4-A809-30FED3E5EDCD} = {DFF8BED9-D1C0-4A13-97C5-4B96BAB931DD}
		{CA86C536-2888-427E-947B-7B8C3D9EC8CE} = {2D78757D-A5BB-4214-93C0-F9F4C09545D2}
		{03B3142B-01FD-43EB-850C-1F0C35532F76} = {F530F23F-891E-4F5D-B739-C7161F7F6BE4}
		{B1E71222-97C7-42A2-B468-0032BF495053} = {F530F23F-891E-4F5D-B739-C7161F7F6BE4}
		{04CFD140-D68D-4D14-878F-706E579F1225} = {F530F23F-891E-4F5D-B739-C7161F7F6BE4}
		{65D97060-3FFF-422B-92B0-A2F399618FE4} = {03B3142B-01FD-43EB-850C-1F0C35532F76}
		{8C454317-2807-40CF-8BDC-D64C3559FDCE} = {B1E71222-97C7-42A2-B468-0032BF495053}
		{F2BC8396-02DA-4C9D-AB55-CD191EFCA13F} = {04CFD140-D68D-4D14-878F-706E579F1225}
		{EEE74727-4724-463E-A3D6-CC57E0DBCD3D} = {414642F9-5BD0-4216-89CD-991D15C0559E}
		{5A0E4BA7-0947-4378-A8C3-BEAE73E9F1A6} = {AD02F480-5F6F-473B-84D5-20B037C445FA}
	EndGlobalSection
	GlobalSection(ExtensibilityGlobals) = postSolution
		SolutionGuid = {777F2A9D-0917-4266-9C7E-37D042C9D59C}
	EndGlobalSection
EndGlobal
